
Microsoft Visual Studio Solution File, Format Version 12.00
# Visual Studio 14
VisualStudioVersion = 14.0.25123.0
MinimumVisualStudioVersion = 10.0.40219.1
Project("{FAE04EC0-301F-11D3-BF4B-00C04F79EFBC}") = "Domain", "src\Domain\Domain.csproj", "{A2345FDC-4D95-4771-B60A-CB4D9D6B8FA2}"
EndProject
Project("{FAE04EC0-301F-11D3-BF4B-00C04F79EFBC}") = "Domain.Tests", "src\Domain.Tests\Domain.Tests.csproj", "{39AF811E-155C-43F4-8B49-9B94AB8E7584}"
EndProject
Project("{FAE04EC0-301F-11D3-BF4B-00C04F79EFBC}") = "Domain.Unity3D", "src\Domain.Unity3D\Domain.Unity3D.csproj", "{C3083CE1-D8BC-4DD6-882B-36D520CAE8C1}"
EndProject
Project("{FAE04EC0-301F-11D3-BF4B-00C04F79EFBC}") = "GameServer", "src\GameServer\GameServer.csproj", "{E5C862CC-88EE-4EAC-B5D2-5AA587CA5F3A}"
EndProject
Project("{FAE04EC0-301F-11D3-BF4B-00C04F79EFBC}") = "GameServer.Tests", "src\GameServer.Tests\GameServer.Tests.csproj", "{516944E4-41E8-40F4-893E-E7431C6D01E9}"
EndProject
Global
	GlobalSection(SolutionConfigurationPlatforms) = preSolution
		Debug|Any CPU = Debug|Any CPU
		Release|Any CPU = Release|Any CPU
	EndGlobalSection
	GlobalSection(ProjectConfigurationPlatforms) = postSolution
		{A2345FDC-4D95-4771-B60A-CB4D9D6B8FA2}.Debug|Any CPU.ActiveCfg = Debug|Any CPU
		{A2345FDC-4D95-4771-B60A-CB4D9D6B8FA2}.Debug|Any CPU.Build.0 = Debug|Any CPU
		{A2345FDC-4D95-4771-B60A-CB4D9D6B8FA2}.Release|Any CPU.ActiveCfg = Release|Any CPU
		{A2345FDC-4D95-4771-B60A-CB4D9D6B8FA2}.Release|Any CPU.Build.0 = Release|Any CPU
		{39AF811E-155C-43F4-8B49-9B94AB8E7584}.Debug|Any CPU.ActiveCfg = Debug|Any CPU
		{39AF811E-155C-43F4-8B49-9B94AB8E7584}.Debug|Any CPU.Build.0 = Debug|Any CPU
		{39AF811E-155C-43F4-8B49-9B94AB8E7584}.Release|Any CPU.ActiveCfg = Release|Any CPU
		{39AF811E-155C-43F4-8B49-9B94AB8E7584}.Release|Any CPU.Build.0 = Release|Any CPU
		{C3083CE1-D8BC-4DD6-882B-36D520CAE8C1}.Debug|Any CPU.ActiveCfg = Debug|Any CPU
		{C3083CE1-D8BC-4DD6-882B-36D520CAE8C1}.Debug|Any CPU.Build.0 = Debug|Any CPU
		{C3083CE1-D8BC-4DD6-882B-36D520CAE8C1}.Release|Any CPU.ActiveCfg = Release|Any CPU
		{C3083CE1-D8BC-4DD6-882B-36D520CAE8C1}.Release|Any CPU.Build.0 = Release|Any CPU
		{E5C862CC-88EE-4EAC-B5D2-5AA587CA5F3A}.Debug|Any CPU.ActiveCfg = Debug|Any CPU
		{E5C862CC-88EE-4EAC-B5D2-5AA587CA5F3A}.Debug|Any CPU.Build.0 = Debug|Any CPU
		{E5C862CC-88EE-4EAC-B5D2-5AA587CA5F3A}.Release|Any CPU.ActiveCfg = Release|Any CPU
		{E5C862CC-88EE-4EAC-B5D2-5AA587CA5F3A}.Release|Any CPU.Build.0 = Release|Any CPU
		{516944E4-41E8-40F4-893E-E7431C6D01E9}.Debug|Any CPU.ActiveCfg = Debug|Any CPU
		{516944E4-41E8-40F4-893E-E7431C6D01E9}.Debug|Any CPU.Build.0 = Debug|Any CPU
		{516944E4-41E8-40F4-893E-E7431C6D01E9}.Release|Any CPU.ActiveCfg = Release|Any CPU
		{516944E4-41E8-40F4-893E-E7431C6D01E9}.Release|Any CPU.Build.0 = Release|Any CPU
	EndGlobalSection
	GlobalSection(SolutionProperties) = preSolution
		HideSolutionNode = FALSE
	EndGlobalSection
EndGlobal
